
Microsoft Visual Studio Solution File, Format Version 12.00
# Visual Studio Version 17
VisualStudioVersion = 17.3.32825.248
MinimumVisualStudioVersion = 10.0.40219.1
Project("{9A19103F-16F7-4668-BE54-9A1E7A4F7556}") = "Modeel", "Modeel\Modeel.csproj", "{105880BA-903E-4CBE-903D-2552F478F35B}"
EndProject
Project("{9A19103F-16F7-4668-BE54-9A1E7A4F7556}") = "CentralServer", "CentralServer\CentralServer.csproj", "{1887D3B8-9B06-4F52-B075-6D429575A5AD}"
EndProject
Project("{9A19103F-16F7-4668-BE54-9A1E7A4F7556}") = "Common", "Common\Common.csproj", "{9CAEDF21-BF4D-4F91-A9D6-292D0347D2EE}"
EndProject
Project("{9A19103F-16F7-4668-BE54-9A1E7A4F7556}") = "SslTcpSession", "SslTcpSession\SslTcpSession.csproj", "{52BF3DEF-9E21-4FE5-BCE2-9A6D05225D62}"
EndProject
Project("{9A19103F-16F7-4668-BE54-9A1E7A4F7556}") = "TcpSession", "TcpSession\TcpSession.csproj", "{4AA1C6BF-0AA7-489D-93C2-0A19E7875D83}"
EndProject
Project("{9A19103F-16F7-4668-BE54-9A1E7A4F7556}") = "Client", "Client\Client.csproj", "{290899BA-355C-474B-B8C6-AB36A0736C3D}"
EndProject
Project("{9A19103F-16F7-4668-BE54-9A1E7A4F7556}") = "ConfigManager", "ConfigManager\ConfigManager.csproj", "{06046CF5-C172-4519-95AB-EAA6F0FABFFF}"
EndProject
Project("{9A19103F-16F7-4668-BE54-9A1E7A4F7556}") = "Logger", "Logger\Logger.csproj", "{E2B5684B-5DAB-4436-A7F1-4691821B92DC}"
EndProject
Project("{9A19103F-16F7-4668-BE54-9A1E7A4F7556}") = "SqliteClassLibrary", "SqliteClassLibrary\SqliteClassLibrary.csproj", "{75DBDE2D-1ECF-4A6E-8A77-C447C2374571}"
EndProject
Project("{54435603-DBB4-11D2-8724-00A0C9A8B90C}") = "CentralServerSetup", "CentralServerSetup\CentralServerSetup.vdproj", "{CFF7B289-ED28-4C5C-97AF-64FA3D3B5B88}"
EndProject
Project("{54435603-DBB4-11D2-8724-00A0C9A8B90C}") = "ClientSetup", "ClientSetup\ClientSetup.vdproj", "{41DC1A83-37CE-4ACB-ACB9-EE19F5B13E30}"
EndProject
Project("{9A19103F-16F7-4668-BE54-9A1E7A4F7556}") = "ConsoleTests", "ConsoleTests\ConsoleTests.csproj", "{D8572E29-45FE-4AC0-85FC-FF8B42084920}"
EndProject
Global
	GlobalSection(SolutionConfigurationPlatforms) = preSolution
		Debug|Any CPU = Debug|Any CPU
		Release|Any CPU = Release|Any CPU
	EndGlobalSection
	GlobalSection(ProjectConfigurationPlatforms) = postSolution
		{105880BA-903E-4CBE-903D-2552F478F35B}.Debug|Any CPU.ActiveCfg = Debug|Any CPU
		{105880BA-903E-4CBE-903D-2552F478F35B}.Debug|Any CPU.Build.0 = Debug|Any CPU
		{105880BA-903E-4CBE-903D-2552F478F35B}.Release|Any CPU.ActiveCfg = Release|Any CPU
		{105880BA-903E-4CBE-903D-2552F478F35B}.Release|Any CPU.Build.0 = Release|Any CPU
		{1887D3B8-9B06-4F52-B075-6D429575A5AD}.Debug|Any CPU.ActiveCfg = Debug|Any CPU
		{1887D3B8-9B06-4F52-B075-6D429575A5AD}.Debug|Any CPU.Build.0 = Debug|Any CPU
		{1887D3B8-9B06-4F52-B075-6D429575A5AD}.Release|Any CPU.ActiveCfg = Release|Any CPU
		{1887D3B8-9B06-4F52-B075-6D429575A5AD}.Release|Any CPU.Build.0 = Release|Any CPU
		{9CAEDF21-BF4D-4F91-A9D6-292D0347D2EE}.Debug|Any CPU.ActiveCfg = Debug|Any CPU
		{9CAEDF21-BF4D-4F91-A9D6-292D0347D2EE}.Debug|Any CPU.Build.0 = Debug|Any CPU
		{9CAEDF21-BF4D-4F91-A9D6-292D0347D2EE}.Release|Any CPU.ActiveCfg = Release|Any CPU
		{9CAEDF21-BF4D-4F91-A9D6-292D0347D2EE}.Release|Any CPU.Build.0 = Release|Any CPU
		{52BF3DEF-9E21-4FE5-BCE2-9A6D05225D62}.Debug|Any CPU.ActiveCfg = Debug|Any CPU
		{52BF3DEF-9E21-4FE5-BCE2-9A6D05225D62}.Debug|Any CPU.Build.0 = Debug|Any CPU
		{52BF3DEF-9E21-4FE5-BCE2-9A6D05225D62}.Release|Any CPU.ActiveCfg = Release|Any CPU
		{52BF3DEF-9E21-4FE5-BCE2-9A6D05225D62}.Release|Any CPU.Build.0 = Release|Any CPU
		{4AA1C6BF-0AA7-489D-93C2-0A19E7875D83}.Debug|Any CPU.ActiveCfg = Debug|Any CPU
		{4AA1C6BF-0AA7-489D-93C2-0A19E7875D83}.Debug|Any CPU.Build.0 = Debug|Any CPU
		{4AA1C6BF-0AA7-489D-93C2-0A19E7875D83}.Release|Any CPU.ActiveCfg = Release|Any CPU
		{4AA1C6BF-0AA7-489D-93C2-0A19E7875D83}.Release|Any CPU.Build.0 = Release|Any CPU
		{290899BA-355C-474B-B8C6-AB36A0736C3D}.Debug|Any CPU.ActiveCfg = Debug|Any CPU
		{290899BA-355C-474B-B8C6-AB36A0736C3D}.Debug|Any CPU.Build.0 = Debug|Any CPU
		{290899BA-355C-474B-B8C6-AB36A0736C3D}.Release|Any CPU.ActiveCfg = Release|Any CPU
		{290899BA-355C-474B-B8C6-AB36A0736C3D}.Release|Any CPU.Build.0 = Release|Any CPU
		{06046CF5-C172-4519-95AB-EAA6F0FABFFF}.Debug|Any CPU.ActiveCfg = Debug|Any CPU
		{06046CF5-C172-4519-95AB-EAA6F0FABFFF}.Debug|Any CPU.Build.0 = Debug|Any CPU
		{06046CF5-C172-4519-95AB-EAA6F0FABFFF}.Release|Any CPU.ActiveCfg = Release|Any CPU
		{06046CF5-C172-4519-95AB-EAA6F0FABFFF}.Release|Any CPU.Build.0 = Release|Any CPU
		{E2B5684B-5DAB-4436-A7F1-4691821B92DC}.Debug|Any CPU.ActiveCfg = Debug|Any CPU
		{E2B5684B-5DAB-4436-A7F1-4691821B92DC}.Debug|Any CPU.Build.0 = Debug|Any CPU
		{E2B5684B-5DAB-4436-A7F1-4691821B92DC}.Release|Any CPU.ActiveCfg = Release|Any CPU
		{E2B5684B-5DAB-4436-A7F1-4691821B92DC}.Release|Any CPU.Build.0 = Release|Any CPU
		{75DBDE2D-1ECF-4A6E-8A77-C447C2374571}.Debug|Any CPU.ActiveCfg = Debug|Any CPU
		{75DBDE2D-1ECF-4A6E-8A77-C447C2374571}.Debug|Any CPU.Build.0 = Debug|Any CPU
		{75DBDE2D-1ECF-4A6E-8A77-C447C2374571}.Release|Any CPU.ActiveCfg = Release|Any CPU
		{75DBDE2D-1ECF-4A6E-8A77-C447C2374571}.Release|Any CPU.Build.0 = Release|Any CPU
		{CFF7B289-ED28-4C5C-97AF-64FA3D3B5B88}.Debug|Any CPU.ActiveCfg = Debug
		{CFF7B289-ED28-4C5C-97AF-64FA3D3B5B88}.Release|Any CPU.ActiveCfg = Release
		{41DC1A83-37CE-4ACB-ACB9-EE19F5B13E30}.Debug|Any CPU.ActiveCfg = Debug
		{41DC1A83-37CE-4ACB-ACB9-EE19F5B13E30}.Release|Any CPU.ActiveCfg = Release
		{D8572E29-45FE-4AC0-85FC-FF8B42084920}.Debug|Any CPU.ActiveCfg = Debug|Any CPU
		{D8572E29-45FE-4AC0-85FC-FF8B42084920}.Debug|Any CPU.Build.0 = Debug|Any CPU
		{D8572E29-45FE-4AC0-85FC-FF8B42084920}.Release|Any CPU.ActiveCfg = Release|Any CPU
		{D8572E29-45FE-4AC0-85FC-FF8B42084920}.Release|Any CPU.Build.0 = Release|Any CPU
	EndGlobalSection
	GlobalSection(SolutionProperties) = preSolution
		HideSolutionNode = FALSE
	EndGlobalSection
	GlobalSection(ExtensibilityGlobals) = postSolution
		SolutionGuid = {C9BA3BAA-A35B-4023-9CA9-7EFC65005DEC}
	EndGlobalSection
EndGlobal
